
Microsoft Visual Studio Solution File, Format Version 12.00
# Visual Studio 14
VisualStudioVersion = 14.0.25420.1
MinimumVisualStudioVersion = 10.0.40219.1
Project("{FAE04EC0-301F-11D3-BF4B-00C04F79EFBC}") = "IdentityServer", "IdentityServer\IdentityServer.csproj", "{62EE0CD4-3BE4-4EB4-A3AA-93CC1E7D4601}"
EndProject
Project("{FAE04EC0-301F-11D3-BF4B-00C04F79EFBC}") = "SecureApi", "SecureApi\SecureApi.csproj", "{0116CBED-3872-4A34-80CF-0B665E8EADA2}"
EndProject
Project("{FAE04EC0-301F-11D3-BF4B-00C04F79EFBC}") = "MvcImplicitClient", "MvcImplicitClient\MvcImplicitClient.csproj", "{08842036-A8E7-46BE-AC48-243D04619F08}"
EndProject
Project("{2150E333-8FDC-42A3-9474-1A3956D46DE8}") = "Backend", "Backend", "{719AAE6A-17FE-4E11-ADDA-6B545E50E1EE}"
EndProject
Project("{FAE04EC0-301F-11D3-BF4B-00C04F79EFBC}") = "MvcResourceOwnerClient", "MvcResourceOwnerClient\MvcResourceOwnerClient.csproj", "{AE06BA65-8312-4B89-8067-F8714E991964}"
EndProject
Project("{FAE04EC0-301F-11D3-BF4B-00C04F79EFBC}") = "MvcAuthorizationCodeClient", "MvcAuthorizationCodeClient\MvcAuthorizationCodeClient.csproj", "{7D5CD6B8-8C96-45E7-9533-AA9730C09A58}"
EndProject
Global
	GlobalSection(SolutionConfigurationPlatforms) = preSolution
		Debug|Any CPU = Debug|Any CPU
		Release|Any CPU = Release|Any CPU
	EndGlobalSection
	GlobalSection(ProjectConfigurationPlatforms) = postSolution
		{62EE0CD4-3BE4-4EB4-A3AA-93CC1E7D4601}.Debug|Any CPU.ActiveCfg = Debug|Any CPU
		{62EE0CD4-3BE4-4EB4-A3AA-93CC1E7D4601}.Debug|Any CPU.Build.0 = Debug|Any CPU
		{62EE0CD4-3BE4-4EB4-A3AA-93CC1E7D4601}.Release|Any CPU.ActiveCfg = Release|Any CPU
		{62EE0CD4-3BE4-4EB4-A3AA-93CC1E7D4601}.Release|Any CPU.Build.0 = Release|Any CPU
		{0116CBED-3872-4A34-80CF-0B665E8EADA2}.Debug|Any CPU.ActiveCfg = Debug|Any CPU
		{0116CBED-3872-4A34-80CF-0B665E8EADA2}.Debug|Any CPU.Build.0 = Debug|Any CPU
		{0116CBED-3872-4A34-80CF-0B665E8EADA2}.Release|Any CPU.ActiveCfg = Release|Any CPU
		{0116CBED-3872-4A34-80CF-0B665E8EADA2}.Release|Any CPU.Build.0 = Release|Any CPU
		{08842036-A8E7-46BE-AC48-243D04619F08}.Debug|Any CPU.ActiveCfg = Debug|Any CPU
		{08842036-A8E7-46BE-AC48-243D04619F08}.Debug|Any CPU.Build.0 = Debug|Any CPU
		{08842036-A8E7-46BE-AC48-243D04619F08}.Release|Any CPU.ActiveCfg = Release|Any CPU
		{08842036-A8E7-46BE-AC48-243D04619F08}.Release|Any CPU.Build.0 = Release|Any CPU
		{AE06BA65-8312-4B89-8067-F8714E991964}.Debug|Any CPU.ActiveCfg = Debug|Any CPU
		{AE06BA65-8312-4B89-8067-F8714E991964}.Debug|Any CPU.Build.0 = Debug|Any CPU
		{AE06BA65-8312-4B89-8067-F8714E991964}.Release|Any CPU.ActiveCfg = Release|Any CPU
		{AE06BA65-8312-4B89-8067-F8714E991964}.Release|Any CPU.Build.0 = Release|Any CPU
		{7D5CD6B8-8C96-45E7-9533-AA9730C09A58}.Debug|Any CPU.ActiveCfg = Debug|Any CPU
		{7D5CD6B8-8C96-45E7-9533-AA9730C09A58}.Debug|Any CPU.Build.0 = Debug|Any CPU
		{7D5CD6B8-8C96-45E7-9533-AA9730C09A58}.Release|Any CPU.ActiveCfg = Release|Any CPU
		{7D5CD6B8-8C96-45E7-9533-AA9730C09A58}.Release|Any CPU.Build.0 = Release|Any CPU
	EndGlobalSection
	GlobalSection(SolutionProperties) = preSolution
		HideSolutionNode = FALSE
	EndGlobalSection
	GlobalSection(NestedProjects) = preSolution
		{62EE0CD4-3BE4-4EB4-A3AA-93CC1E7D4601} = {719AAE6A-17FE-4E11-ADDA-6B545E50E1EE}
		{0116CBED-3872-4A34-80CF-0B665E8EADA2} = {719AAE6A-17FE-4E11-ADDA-6B545E50E1EE}
	EndGlobalSection
EndGlobal
